
Microsoft Visual Studio Solution File, Format Version 12.00
# Visual Studio Version 17
VisualStudioVersion = 17.9.34902.65
MinimumVisualStudioVersion = 10.0.40219.1
Project("{9A19103F-16F7-4668-BE54-9A1E7A4F7556}") = "pryBarreiroManuelLP3Etapas", "pryBarreiroManuelLP3Etapas.csproj", "{E8A8E65A-1A46-4E02-B62E-4A5309D092FF}"
EndProject
Project("{9A19103F-16F7-4668-BE54-9A1E7A4F7556}") = "pryBarreiroEtapa2", "..\pryBarreiroEstapa2\pryBarreiroEtapa2.csproj", "{6BDE4B43-F730-4750-9A37-A16AC700DE16}"
EndProject
Project("{9A19103F-16F7-4668-BE54-9A1E7A4F7556}") = "pryBarreiroEtapa3", "..\pryBarreiroEtapa3\pryBarreiroEtapa3.csproj", "{FF2CF07A-7068-4438-A6C8-DE1E713FE865}"
EndProject
Project("{9A19103F-16F7-4668-BE54-9A1E7A4F7556}") = "pryBarreiroEtapa4", "..\pryBarreiroEtapa4\pryBarreiroEtapa4.csproj", "{1FBAD83F-6049-44AA-9E81-05316C03B379}"
EndProject
Project("{9A19103F-16F7-4668-BE54-9A1E7A4F7556}") = "pryBarreiroEtapa5", "..\pryBarreiroEtapa5\pryBarreiroEtapa5.csproj", "{B994804E-E6DB-4B82-9237-0B2438BB7183}"
EndProject
Project("{FAE04EC0-301F-11D3-BF4B-00C04F79EFBC}") = "pryBarreiroEtapas6", "..\pryBarreiroEtapas6\pryBarreiroEtapas6.csproj", "{B398C25D-6EA4-4B25-AACD-8B46C93730D7}"
EndProject
Global
	GlobalSection(SolutionConfigurationPlatforms) = preSolution
		Debug|Any CPU = Debug|Any CPU
		Release|Any CPU = Release|Any CPU
	EndGlobalSection
	GlobalSection(ProjectConfigurationPlatforms) = postSolution
		{E8A8E65A-1A46-4E02-B62E-4A5309D092FF}.Debug|Any CPU.ActiveCfg = Debug|Any CPU
		{E8A8E65A-1A46-4E02-B62E-4A5309D092FF}.Debug|Any CPU.Build.0 = Debug|Any CPU
		{E8A8E65A-1A46-4E02-B62E-4A5309D092FF}.Release|Any CPU.ActiveCfg = Release|Any CPU
		{E8A8E65A-1A46-4E02-B62E-4A5309D092FF}.Release|Any CPU.Build.0 = Release|Any CPU
		{6BDE4B43-F730-4750-9A37-A16AC700DE16}.Debug|Any CPU.ActiveCfg = Debug|Any CPU
		{6BDE4B43-F730-4750-9A37-A16AC700DE16}.Debug|Any CPU.Build.0 = Debug|Any CPU
		{6BDE4B43-F730-4750-9A37-A16AC700DE16}.Release|Any CPU.ActiveCfg = Release|Any CPU
		{6BDE4B43-F730-4750-9A37-A16AC700DE16}.Release|Any CPU.Build.0 = Release|Any CPU
		{FF2CF07A-7068-4438-A6C8-DE1E713FE865}.Debug|Any CPU.ActiveCfg = Debug|Any CPU
		{FF2CF07A-7068-4438-A6C8-DE1E713FE865}.Debug|Any CPU.Build.0 = Debug|Any CPU
		{FF2CF07A-7068-4438-A6C8-DE1E713FE865}.Release|Any CPU.ActiveCfg = Release|Any CPU
		{FF2CF07A-7068-4438-A6C8-DE1E713FE865}.Release|Any CPU.Build.0 = Release|Any CPU
		{1FBAD83F-6049-44AA-9E81-05316C03B379}.Debug|Any CPU.ActiveCfg = Debug|Any CPU
		{1FBAD83F-6049-44AA-9E81-05316C03B379}.Debug|Any CPU.Build.0 = Debug|Any CPU
		{1FBAD83F-6049-44AA-9E81-05316C03B379}.Release|Any CPU.ActiveCfg = Release|Any CPU
		{1FBAD83F-6049-44AA-9E81-05316C03B379}.Release|Any CPU.Build.0 = Release|Any CPU
		{B994804E-E6DB-4B82-9237-0B2438BB7183}.Debug|Any CPU.ActiveCfg = Debug|Any CPU
		{B994804E-E6DB-4B82-9237-0B2438BB7183}.Debug|Any CPU.Build.0 = Debug|Any CPU
		{B994804E-E6DB-4B82-9237-0B2438BB7183}.Release|Any CPU.ActiveCfg = Release|Any CPU
		{B994804E-E6DB-4B82-9237-0B2438BB7183}.Release|Any CPU.Build.0 = Release|Any CPU
		{B398C25D-6EA4-4B25-AACD-8B46C93730D7}.Debug|Any CPU.ActiveCfg = Debug|Any CPU
		{B398C25D-6EA4-4B25-AACD-8B46C93730D7}.Debug|Any CPU.Build.0 = Debug|Any CPU
		{B398C25D-6EA4-4B25-AACD-8B46C93730D7}.Release|Any CPU.ActiveCfg = Release|Any CPU
		{B398C25D-6EA4-4B25-AACD-8B46C93730D7}.Release|Any CPU.Build.0 = Release|Any CPU
	EndGlobalSection
	GlobalSection(SolutionProperties) = preSolution
		HideSolutionNode = FALSE
	EndGlobalSection
	GlobalSection(ExtensibilityGlobals) = postSolution
		SolutionGuid = {CC9DE533-CD78-426B-99C1-9CF8A22D4683}
	EndGlobalSection
EndGlobal
